// !$*UTF8*$!
{
	archiveVersion = 1;
	classes = {
	};
	objectVersion = 50;
	objects = {

/* Begin PBXBuildFile section */
		221B9807221E1D99000F3C36 /* AppDelegate.swift in Sources */ = {isa = PBXBuildFile; fileRef = 221B9806221E1D99000F3C36 /* AppDelegate.swift */; };
		221B9811221E1D9A000F3C36 /* Assets.xcassets in Resources */ = {isa = PBXBuildFile; fileRef = 221B9810221E1D9A000F3C36 /* Assets.xcassets */; };
		221B9814221E1D9A000F3C36 /* LaunchScreen.storyboard in Resources */ = {isa = PBXBuildFile; fileRef = 221B9812221E1D9A000F3C36 /* LaunchScreen.storyboard */; };
		221B981F221E1D9B000F3C36 /* MelbBikesTests.swift in Sources */ = {isa = PBXBuildFile; fileRef = 221B981E221E1D9B000F3C36 /* MelbBikesTests.swift */; };
		221B982A221E1D9B000F3C36 /* MelbBikesUITests.swift in Sources */ = {isa = PBXBuildFile; fileRef = 221B9829221E1D9B000F3C36 /* MelbBikesUITests.swift */; };
		221B9838221E221A000F3C36 /* HomeCollectionViewController.swift in Sources */ = {isa = PBXBuildFile; fileRef = 221B9837221E221A000F3C36 /* HomeCollectionViewController.swift */; };
		221B983A221E237B000F3C36 /* BikeLocationCollectionViewCell.swift in Sources */ = {isa = PBXBuildFile; fileRef = 221B9839221E237B000F3C36 /* BikeLocationCollectionViewCell.swift */; };
		221B983C221E2BCF000F3C36 /* UIViewExtensionMethods.swift in Sources */ = {isa = PBXBuildFile; fileRef = 221B983B221E2BCF000F3C36 /* UIViewExtensionMethods.swift */; };
		221B983E221E2BF5000F3C36 /* UIColorExtensionMethods.swift in Sources */ = {isa = PBXBuildFile; fileRef = 221B983D221E2BF5000F3C36 /* UIColorExtensionMethods.swift */; };
		221B9840221E33A1000F3C36 /* BikeLocationDetailViewController.swift in Sources */ = {isa = PBXBuildFile; fileRef = 221B983F221E33A1000F3C36 /* BikeLocationDetailViewController.swift */; };
		221B9845221E3401000F3C36 /* BikeLocation.swift in Sources */ = {isa = PBXBuildFile; fileRef = 221B9844221E3401000F3C36 /* BikeLocation.swift */; };
		221B9847221E3AF3000F3C36 /* BikeShareLocationsService.swift in Sources */ = {isa = PBXBuildFile; fileRef = 221B9846221E3AF3000F3C36 /* BikeShareLocationsService.swift */; };
		221B984A221E48A4000F3C36 /* BikeShareLocations.xcdatamodeld in Sources */ = {isa = PBXBuildFile; fileRef = 221B9848221E48A4000F3C36 /* BikeShareLocations.xcdatamodeld */; };
		221B984C221E4C81000F3C36 /* CoreDataStack.swift in Sources */ = {isa = PBXBuildFile; fileRef = 221B984B221E4C81000F3C36 /* CoreDataStack.swift */; };
		221B984E221E4CBE000F3C36 /* DataProvider.swift in Sources */ = {isa = PBXBuildFile; fileRef = 221B984D221E4CBE000F3C36 /* DataProvider.swift */; };
		221B9850221EB71B000F3C36 /* MapViewController.swift in Sources */ = {isa = PBXBuildFile; fileRef = 221B984F221EB71B000F3C36 /* MapViewController.swift */; };
/* End PBXBuildFile section */

/* Begin PBXContainerItemProxy section */
		221B981B221E1D9B000F3C36 /* PBXContainerItemProxy */ = {
			isa = PBXContainerItemProxy;
			containerPortal = 221B97FB221E1D99000F3C36 /* Project object */;
			proxyType = 1;
			remoteGlobalIDString = 221B9802221E1D99000F3C36;
			remoteInfo = MelbBikes;
		};
		221B9826221E1D9B000F3C36 /* PBXContainerItemProxy */ = {
			isa = PBXContainerItemProxy;
			containerPortal = 221B97FB221E1D99000F3C36 /* Project object */;
			proxyType = 1;
			remoteGlobalIDString = 221B9802221E1D99000F3C36;
			remoteInfo = MelbBikes;
		};
/* End PBXContainerItemProxy section */

/* Begin PBXFileReference section */
		221B9803221E1D99000F3C36 /* MelbBikes.app */ = {isa = PBXFileReference; explicitFileType = wrapper.application; includeInIndex = 0; path = MelbBikes.app; sourceTree = BUILT_PRODUCTS_DIR; };
		221B9806221E1D99000F3C36 /* AppDelegate.swift */ = {isa = PBXFileReference; lastKnownFileType = sourcecode.swift; path = AppDelegate.swift; sourceTree = "<group>"; };
		221B9810221E1D9A000F3C36 /* Assets.xcassets */ = {isa = PBXFileReference; lastKnownFileType = folder.assetcatalog; path = Assets.xcassets; sourceTree = "<group>"; };
		221B9813221E1D9A000F3C36 /* Base */ = {isa = PBXFileReference; lastKnownFileType = file.storyboard; name = Base; path = Base.lproj/LaunchScreen.storyboard; sourceTree = "<group>"; };
		221B9815221E1D9B000F3C36 /* Info.plist */ = {isa = PBXFileReference; lastKnownFileType = text.plist.xml; path = Info.plist; sourceTree = "<group>"; };
		221B981A221E1D9B000F3C36 /* MelbBikesTests.xctest */ = {isa = PBXFileReference; explicitFileType = wrapper.cfbundle; includeInIndex = 0; path = MelbBikesTests.xctest; sourceTree = BUILT_PRODUCTS_DIR; };
		221B981E221E1D9B000F3C36 /* MelbBikesTests.swift */ = {isa = PBXFileReference; lastKnownFileType = sourcecode.swift; path = MelbBikesTests.swift; sourceTree = "<group>"; };
		221B9820221E1D9B000F3C36 /* Info.plist */ = {isa = PBXFileReference; lastKnownFileType = text.plist.xml; path = Info.plist; sourceTree = "<group>"; };
		221B9825221E1D9B000F3C36 /* MelbBikesUITests.xctest */ = {isa = PBXFileReference; explicitFileType = wrapper.cfbundle; includeInIndex = 0; path = MelbBikesUITests.xctest; sourceTree = BUILT_PRODUCTS_DIR; };
		221B9829221E1D9B000F3C36 /* MelbBikesUITests.swift */ = {isa = PBXFileReference; lastKnownFileType = sourcecode.swift; path = MelbBikesUITests.swift; sourceTree = "<group>"; };
		221B982B221E1D9B000F3C36 /* Info.plist */ = {isa = PBXFileReference; lastKnownFileType = text.plist.xml; path = Info.plist; sourceTree = "<group>"; };
		221B9837221E221A000F3C36 /* HomeCollectionViewController.swift */ = {isa = PBXFileReference; lastKnownFileType = sourcecode.swift; path = HomeCollectionViewController.swift; sourceTree = "<group>"; };
		221B9839221E237B000F3C36 /* BikeLocationCollectionViewCell.swift */ = {isa = PBXFileReference; lastKnownFileType = sourcecode.swift; path = BikeLocationCollectionViewCell.swift; sourceTree = "<group>"; };
		221B983B221E2BCF000F3C36 /* UIViewExtensionMethods.swift */ = {isa = PBXFileReference; lastKnownFileType = sourcecode.swift; path = UIViewExtensionMethods.swift; sourceTree = "<group>"; };
		221B983D221E2BF5000F3C36 /* UIColorExtensionMethods.swift */ = {isa = PBXFileReference; lastKnownFileType = sourcecode.swift; path = UIColorExtensionMethods.swift; sourceTree = "<group>"; };
		221B983F221E33A1000F3C36 /* BikeLocationDetailViewController.swift */ = {isa = PBXFileReference; lastKnownFileType = sourcecode.swift; path = BikeLocationDetailViewController.swift; sourceTree = "<group>"; };
		221B9844221E3401000F3C36 /* BikeLocation.swift */ = {isa = PBXFileReference; lastKnownFileType = sourcecode.swift; path = BikeLocation.swift; sourceTree = "<group>"; };
		221B9846221E3AF3000F3C36 /* BikeShareLocationsService.swift */ = {isa = PBXFileReference; lastKnownFileType = sourcecode.swift; path = BikeShareLocationsService.swift; sourceTree = "<group>"; };
		221B9849221E48A4000F3C36 /* BikeShareLocations.xcdatamodel */ = {isa = PBXFileReference; lastKnownFileType = wrapper.xcdatamodel; path = BikeShareLocations.xcdatamodel; sourceTree = "<group>"; };
		221B984B221E4C81000F3C36 /* CoreDataStack.swift */ = {isa = PBXFileReference; lastKnownFileType = sourcecode.swift; path = CoreDataStack.swift; sourceTree = "<group>"; };
		221B984D221E4CBE000F3C36 /* DataProvider.swift */ = {isa = PBXFileReference; lastKnownFileType = sourcecode.swift; path = DataProvider.swift; sourceTree = "<group>"; };
		221B984F221EB71B000F3C36 /* MapViewController.swift */ = {isa = PBXFileReference; lastKnownFileType = sourcecode.swift; path = MapViewController.swift; sourceTree = "<group>"; };
/* End PBXFileReference section */

/* Begin PBXFrameworksBuildPhase section */
		221B9800221E1D99000F3C36 /* Frameworks */ = {
			isa = PBXFrameworksBuildPhase;
			buildActionMask = 2147483647;
			files = (
			);
			runOnlyForDeploymentPostprocessing = 0;
		};
		221B9817221E1D9B000F3C36 /* Frameworks */ = {
			isa = PBXFrameworksBuildPhase;
			buildActionMask = 2147483647;
			files = (
			);
			runOnlyForDeploymentPostprocessing = 0;
		};
		221B9822221E1D9B000F3C36 /* Frameworks */ = {
			isa = PBXFrameworksBuildPhase;
			buildActionMask = 2147483647;
			files = (
			);
			runOnlyForDeploymentPostprocessing = 0;
		};
/* End PBXFrameworksBuildPhase section */

/* Begin PBXGroup section */
		221B97FA221E1D99000F3C36 = {
			isa = PBXGroup;
			children = (
				221B9805221E1D99000F3C36 /* MelbBikes */,
				221B981D221E1D9B000F3C36 /* MelbBikesTests */,
				221B9828221E1D9B000F3C36 /* MelbBikesUITests */,
				221B9804221E1D99000F3C36 /* Products */,
			);
			sourceTree = "<group>";
		};
		221B9804221E1D99000F3C36 /* Products */ = {
			isa = PBXGroup;
			children = (
				221B9803221E1D99000F3C36 /* MelbBikes.app */,
				221B981A221E1D9B000F3C36 /* MelbBikesTests.xctest */,
				221B9825221E1D9B000F3C36 /* MelbBikesUITests.xctest */,
			);
			name = Products;
			sourceTree = "<group>";
		};
		221B9805221E1D99000F3C36 /* MelbBikes */ = {
			isa = PBXGroup;
			children = (
				221B9806221E1D99000F3C36 /* AppDelegate.swift */,
				221B9837221E221A000F3C36 /* HomeCollectionViewController.swift */,
				221B983F221E33A1000F3C36 /* BikeLocationDetailViewController.swift */,
				221B9839221E237B000F3C36 /* BikeLocationCollectionViewCell.swift */,
				221B983B221E2BCF000F3C36 /* UIViewExtensionMethods.swift */,
				221B9810221E1D9A000F3C36 /* Assets.xcassets */,
				221B9812221E1D9A000F3C36 /* LaunchScreen.storyboard */,
				221B9815221E1D9B000F3C36 /* Info.plist */,
				221B983D221E2BF5000F3C36 /* UIColorExtensionMethods.swift */,
				221B9844221E3401000F3C36 /* BikeLocation.swift */,
				221B9846221E3AF3000F3C36 /* BikeShareLocationsService.swift */,
				221B9848221E48A4000F3C36 /* BikeShareLocations.xcdatamodeld */,
				221B984B221E4C81000F3C36 /* CoreDataStack.swift */,
				221B984D221E4CBE000F3C36 /* DataProvider.swift */,
				221B984F221EB71B000F3C36 /* MapViewController.swift */,
			);
			path = MelbBikes;
			sourceTree = "<group>";
		};
		221B981D221E1D9B000F3C36 /* MelbBikesTests */ = {
			isa = PBXGroup;
			children = (
				221B981E221E1D9B000F3C36 /* MelbBikesTests.swift */,
				221B9820221E1D9B000F3C36 /* Info.plist */,
			);
			path = MelbBikesTests;
			sourceTree = "<group>";
		};
		221B9828221E1D9B000F3C36 /* MelbBikesUITests */ = {
			isa = PBXGroup;
			children = (
				221B9829221E1D9B000F3C36 /* MelbBikesUITests.swift */,
				221B982B221E1D9B000F3C36 /* Info.plist */,
			);
			path = MelbBikesUITests;
			sourceTree = "<group>";
		};
/* End PBXGroup section */

/* Begin PBXNativeTarget section */
		221B9802221E1D99000F3C36 /* MelbBikes */ = {
			isa = PBXNativeTarget;
			buildConfigurationList = 221B982E221E1D9B000F3C36 /* Build configuration list for PBXNativeTarget "MelbBikes" */;
			buildPhases = (
				221B97FF221E1D99000F3C36 /* Sources */,
				221B9800221E1D99000F3C36 /* Frameworks */,
				221B9801221E1D99000F3C36 /* Resources */,
			);
			buildRules = (
			);
			dependencies = (
			);
			name = MelbBikes;
			productName = MelbBikes;
			productReference = 221B9803221E1D99000F3C36 /* MelbBikes.app */;
			productType = "com.apple.product-type.application";
		};
		221B9819221E1D9B000F3C36 /* MelbBikesTests */ = {
			isa = PBXNativeTarget;
			buildConfigurationList = 221B9831221E1D9B000F3C36 /* Build configuration list for PBXNativeTarget "MelbBikesTests" */;
			buildPhases = (
				221B9816221E1D9B000F3C36 /* Sources */,
				221B9817221E1D9B000F3C36 /* Frameworks */,
				221B9818221E1D9B000F3C36 /* Resources */,
			);
			buildRules = (
			);
			dependencies = (
				221B981C221E1D9B000F3C36 /* PBXTargetDependency */,
			);
			name = MelbBikesTests;
			productName = MelbBikesTests;
			productReference = 221B981A221E1D9B000F3C36 /* MelbBikesTests.xctest */;
			productType = "com.apple.product-type.bundle.unit-test";
		};
		221B9824221E1D9B000F3C36 /* MelbBikesUITests */ = {
			isa = PBXNativeTarget;
			buildConfigurationList = 221B9834221E1D9B000F3C36 /* Build configuration list for PBXNativeTarget "MelbBikesUITests" */;
			buildPhases = (
				221B9821221E1D9B000F3C36 /* Sources */,
				221B9822221E1D9B000F3C36 /* Frameworks */,
				221B9823221E1D9B000F3C36 /* Resources */,
			);
			buildRules = (
			);
			dependencies = (
				221B9827221E1D9B000F3C36 /* PBXTargetDependency */,
			);
			name = MelbBikesUITests;
			productName = MelbBikesUITests;
			productReference = 221B9825221E1D9B000F3C36 /* MelbBikesUITests.xctest */;
			productType = "com.apple.product-type.bundle.ui-testing";
		};
/* End PBXNativeTarget section */

/* Begin PBXProject section */
		221B97FB221E1D99000F3C36 /* Project object */ = {
			isa = PBXProject;
			attributes = {
				LastSwiftUpdateCheck = 1010;
				LastUpgradeCheck = 1010;
				ORGANIZATIONNAME = "Sam Wright";
				TargetAttributes = {
					221B9802221E1D99000F3C36 = {
						CreatedOnToolsVersion = 10.1;
					};
					221B9819221E1D9B000F3C36 = {
						CreatedOnToolsVersion = 10.1;
						TestTargetID = 221B9802221E1D99000F3C36;
					};
					221B9824221E1D9B000F3C36 = {
						CreatedOnToolsVersion = 10.1;
						TestTargetID = 221B9802221E1D99000F3C36;
					};
				};
			};
			buildConfigurationList = 221B97FE221E1D99000F3C36 /* Build configuration list for PBXProject "MelbBikes" */;
			compatibilityVersion = "Xcode 9.3";
			developmentRegion = en;
			hasScannedForEncodings = 0;
			knownRegions = (
				en,
				Base,
			);
			mainGroup = 221B97FA221E1D99000F3C36;
			productRefGroup = 221B9804221E1D99000F3C36 /* Products */;
			projectDirPath = "";
			projectRoot = "";
			targets = (
				221B9802221E1D99000F3C36 /* MelbBikes */,
				221B9819221E1D9B000F3C36 /* MelbBikesTests */,
				221B9824221E1D9B000F3C36 /* MelbBikesUITests */,
			);
		};
/* End PBXProject section */

/* Begin PBXResourcesBuildPhase section */
		221B9801221E1D99000F3C36 /* Resources */ = {
			isa = PBXResourcesBuildPhase;
			buildActionMask = 2147483647;
			files = (
				221B9814221E1D9A000F3C36 /* LaunchScreen.storyboard in Resources */,
				221B9811221E1D9A000F3C36 /* Assets.xcassets in Resources */,
			);
			runOnlyForDeploymentPostprocessing = 0;
		};
		221B9818221E1D9B000F3C36 /* Resources */ = {
			isa = PBXResourcesBuildPhase;
			buildActionMask = 2147483647;
			files = (
			);
			runOnlyForDeploymentPostprocessing = 0;
		};
		221B9823221E1D9B000F3C36 /* Resources */ = {
			isa = PBXResourcesBuildPhase;
			buildActionMask = 2147483647;
			files = (
			);
			runOnlyForDeploymentPostprocessing = 0;
		};
/* End PBXResourcesBuildPhase section */

/* Begin PBXSourcesBuildPhase section */
		221B97FF221E1D99000F3C36 /* Sources */ = {
			isa = PBXSourcesBuildPhase;
			buildActionMask = 2147483647;
			files = (
				221B9840221E33A1000F3C36 /* BikeLocationDetailViewController.swift in Sources */,
				221B984A221E48A4000F3C36 /* BikeShareLocations.xcdatamodeld in Sources */,
				221B9845221E3401000F3C36 /* BikeLocation.swift in Sources */,
				221B9838221E221A000F3C36 /* HomeCollectionViewController.swift in Sources */,
				221B983C221E2BCF000F3C36 /* UIViewExtensionMethods.swift in Sources */,
				221B9847221E3AF3000F3C36 /* BikeShareLocationsService.swift in Sources */,
				221B984E221E4CBE000F3C36 /* DataProvider.swift in Sources */,
				221B9850221EB71B000F3C36 /* MapViewController.swift in Sources */,
				221B984C221E4C81000F3C36 /* CoreDataStack.swift in Sources */,
				221B983E221E2BF5000F3C36 /* UIColorExtensionMethods.swift in Sources */,
				221B983A221E237B000F3C36 /* BikeLocationCollectionViewCell.swift in Sources */,
				221B9807221E1D99000F3C36 /* AppDelegate.swift in Sources */,
			);
			runOnlyForDeploymentPostprocessing = 0;
		};
		221B9816221E1D9B000F3C36 /* Sources */ = {
			isa = PBXSourcesBuildPhase;
			buildActionMask = 2147483647;
			files = (
				221B981F221E1D9B000F3C36 /* MelbBikesTests.swift in Sources */,
			);
			runOnlyForDeploymentPostprocessing = 0;
		};
		221B9821221E1D9B000F3C36 /* Sources */ = {
			isa = PBXSourcesBuildPhase;
			buildActionMask = 2147483647;
			files = (
				221B982A221E1D9B000F3C36 /* MelbBikesUITests.swift in Sources */,
			);
			runOnlyForDeploymentPostprocessing = 0;
		};
/* End PBXSourcesBuildPhase section */

/* Begin PBXTargetDependency section */
		221B981C221E1D9B000F3C36 /* PBXTargetDependency */ = {
			isa = PBXTargetDependency;
			target = 221B9802221E1D99000F3C36 /* MelbBikes */;
			targetProxy = 221B981B221E1D9B000F3C36 /* PBXContainerItemProxy */;
		};
		221B9827221E1D9B000F3C36 /* PBXTargetDependency */ = {
			isa = PBXTargetDependency;
			target = 221B9802221E1D99000F3C36 /* MelbBikes */;
			targetProxy = 221B9826221E1D9B000F3C36 /* PBXContainerItemProxy */;
		};
/* End PBXTargetDependency section */

/* Begin PBXVariantGroup section */
		221B9812221E1D9A000F3C36 /* LaunchScreen.storyboard */ = {
			isa = PBXVariantGroup;
			children = (
				221B9813221E1D9A000F3C36 /* Base */,
			);
			name = LaunchScreen.storyboard;
			sourceTree = "<group>";
		};
/* End PBXVariantGroup section */

/* Begin XCBuildConfiguration section */
		221B982C221E1D9B000F3C36 /* Debug */ = {
			isa = XCBuildConfiguration;
			buildSettings = {
				ALWAYS_SEARCH_USER_PATHS = NO;
				CLANG_ANALYZER_NONNULL = YES;
				CLANG_ANALYZER_NUMBER_OBJECT_CONVERSION = YES_AGGRESSIVE;
				CLANG_CXX_LANGUAGE_STANDARD = "gnu++14";
				CLANG_CXX_LIBRARY = "libc++";
				CLANG_ENABLE_MODULES = YES;
				CLANG_ENABLE_OBJC_ARC = YES;
				CLANG_ENABLE_OBJC_WEAK = YES;
				CLANG_WARN_BLOCK_CAPTURE_AUTORELEASING = YES;
				CLANG_WARN_BOOL_CONVERSION = YES;
				CLANG_WARN_COMMA = YES;
				CLANG_WARN_CONSTANT_CONVERSION = YES;
				CLANG_WARN_DEPRECATED_OBJC_IMPLEMENTATIONS = YES;
				CLANG_WARN_DIRECT_OBJC_ISA_USAGE = YES_ERROR;
				CLANG_WARN_DOCUMENTATION_COMMENTS = YES;
				CLANG_WARN_EMPTY_BODY = YES;
				CLANG_WARN_ENUM_CONVERSION = YES;
				CLANG_WARN_INFINITE_RECURSION = YES;
				CLANG_WARN_INT_CONVERSION = YES;
				CLANG_WARN_NON_LITERAL_NULL_CONVERSION = YES;
				CLANG_WARN_OBJC_IMPLICIT_RETAIN_SELF = YES;
				CLANG_WARN_OBJC_LITERAL_CONVERSION = YES;
				CLANG_WARN_OBJC_ROOT_CLASS = YES_ERROR;
				CLANG_WARN_RANGE_LOOP_ANALYSIS = YES;
				CLANG_WARN_STRICT_PROTOTYPES = YES;
				CLANG_WARN_SUSPICIOUS_MOVE = YES;
				CLANG_WARN_UNGUARDED_AVAILABILITY = YES_AGGRESSIVE;
				CLANG_WARN_UNREACHABLE_CODE = YES;
				CLANG_WARN__DUPLICATE_METHOD_MATCH = YES;
				CODE_SIGN_IDENTITY = "iPhone Developer";
				COPY_PHASE_STRIP = NO;
				DEBUG_INFORMATION_FORMAT = dwarf;
				ENABLE_STRICT_OBJC_MSGSEND = YES;
				ENABLE_TESTABILITY = YES;
				GCC_C_LANGUAGE_STANDARD = gnu11;
				GCC_DYNAMIC_NO_PIC = NO;
				GCC_NO_COMMON_BLOCKS = YES;
				GCC_OPTIMIZATION_LEVEL = 0;
				GCC_PREPROCESSOR_DEFINITIONS = (
					"DEBUG=1",
					"$(inherited)",
				);
				GCC_WARN_64_TO_32_BIT_CONVERSION = YES;
				GCC_WARN_ABOUT_RETURN_TYPE = YES_ERROR;
				GCC_WARN_UNDECLARED_SELECTOR = YES;
				GCC_WARN_UNINITIALIZED_AUTOS = YES_AGGRESSIVE;
				GCC_WARN_UNUSED_FUNCTION = YES;
				GCC_WARN_UNUSED_VARIABLE = YES;
				IPHONEOS_DEPLOYMENT_TARGET = 12.1;
				MTL_ENABLE_DEBUG_INFO = INCLUDE_SOURCE;
				MTL_FAST_MATH = YES;
				ONLY_ACTIVE_ARCH = YES;
				SDKROOT = iphoneos;
				SWIFT_ACTIVE_COMPILATION_CONDITIONS = DEBUG;
				SWIFT_OPTIMIZATION_LEVEL = "-Onone";
			};
			name = Debug;
		};
		221B982D221E1D9B000F3C36 /* Release */ = {
			isa = XCBuildConfiguration;
			buildSettings = {
				ALWAYS_SEARCH_USER_PATHS = NO;
				CLANG_ANALYZER_NONNULL = YES;
				CLANG_ANALYZER_NUMBER_OBJECT_CONVERSION = YES_AGGRESSIVE;
				CLANG_CXX_LANGUAGE_STANDARD = "gnu++14";
				CLANG_CXX_LIBRARY = "libc++";
				CLANG_ENABLE_MODULES = YES;
				CLANG_ENABLE_OBJC_ARC = YES;
				CLANG_ENABLE_OBJC_WEAK = YES;
				CLANG_WARN_BLOCK_CAPTURE_AUTORELEASING = YES;
				CLANG_WARN_BOOL_CONVERSION = YES;
				CLANG_WARN_COMMA = YES;
				CLANG_WARN_CONSTANT_CONVERSION = YES;
				CLANG_WARN_DEPRECATED_OBJC_IMPLEMENTATIONS = YES;
				CLANG_WARN_DIRECT_OBJC_ISA_USAGE = YES_ERROR;
				CLANG_WARN_DOCUMENTATION_COMMENTS = YES;
				CLANG_WARN_EMPTY_BODY = YES;
				CLANG_WARN_ENUM_CONVERSION = YES;
				CLANG_WARN_INFINITE_RECURSION = YES;
				CLANG_WARN_INT_CONVERSION = YES;
				CLANG_WARN_NON_LITERAL_NULL_CONVERSION = YES;
				CLANG_WARN_OBJC_IMPLICIT_RETAIN_SELF = YES;
				CLANG_WARN_OBJC_LITERAL_CONVERSION = YES;
				CLANG_WARN_OBJC_ROOT_CLASS = YES_ERROR;
				CLANG_WARN_RANGE_LOOP_ANALYSIS = YES;
				CLANG_WARN_STRICT_PROTOTYPES = YES;
				CLANG_WARN_SUSPICIOUS_MOVE = YES;
				CLANG_WARN_UNGUARDED_AVAILABILITY = YES_AGGRESSIVE;
				CLANG_WARN_UNREACHABLE_CODE = YES;
				CLANG_WARN__DUPLICATE_METHOD_MATCH = YES;
				CODE_SIGN_IDENTITY = "iPhone Developer";
				COPY_PHASE_STRIP = NO;
				DEBUG_INFORMATION_FORMAT = "dwarf-with-dsym";
				ENABLE_NS_ASSERTIONS = NO;
				ENABLE_STRICT_OBJC_MSGSEND = YES;
				GCC_C_LANGUAGE_STANDARD = gnu11;
				GCC_NO_COMMON_BLOCKS = YES;
				GCC_WARN_64_TO_32_BIT_CONVERSION = YES;
				GCC_WARN_ABOUT_RETURN_TYPE = YES_ERROR;
				GCC_WARN_UNDECLARED_SELECTOR = YES;
				GCC_WARN_UNINITIALIZED_AUTOS = YES_AGGRESSIVE;
				GCC_WARN_UNUSED_FUNCTION = YES;
				GCC_WARN_UNUSED_VARIABLE = YES;
				IPHONEOS_DEPLOYMENT_TARGET = 12.1;
				MTL_ENABLE_DEBUG_INFO = NO;
				MTL_FAST_MATH = YES;
				SDKROOT = iphoneos;
				SWIFT_COMPILATION_MODE = wholemodule;
				SWIFT_OPTIMIZATION_LEVEL = "-O";
				VALIDATE_PRODUCT = YES;
			};
			name = Release;
		};
		221B982F221E1D9B000F3C36 /* Debug */ = {
			isa = XCBuildConfiguration;
			buildSettings = {
				ASSETCATALOG_COMPILER_APPICON_NAME = AppIcon;
				CODE_SIGN_STYLE = Automatic;
				DEVELOPMENT_TEAM = N745X7KD5G;
				INFOPLIST_FILE = MelbBikes/Info.plist;
				LD_RUNPATH_SEARCH_PATHS = (
					"$(inherited)",
					"@executable_path/Frameworks",
				);
				PRODUCT_BUNDLE_IDENTIFIER = SamWright.MelbBikes;
				PRODUCT_NAME = "$(TARGET_NAME)";
				SWIFT_VERSION = 4.2;
				TARGETED_DEVICE_FAMILY = "1,2";
			};
			name = Debug;
		};
		221B9830221E1D9B000F3C36 /* Release */ = {
			isa = XCBuildConfiguration;
			buildSettings = {
				ASSETCATALOG_COMPILER_APPICON_NAME = AppIcon;
				CODE_SIGN_STYLE = Automatic;
				DEVELOPMENT_TEAM = N745X7KD5G;
				INFOPLIST_FILE = MelbBikes/Info.plist;
				LD_RUNPATH_SEARCH_PATHS = (
					"$(inherited)",
					"@executable_path/Frameworks",
				);
				PRODUCT_BUNDLE_IDENTIFIER = SamWright.MelbBikes;
				PRODUCT_NAME = "$(TARGET_NAME)";
				SWIFT_VERSION = 4.2;
				TARGETED_DEVICE_FAMILY = "1,2";
			};
			name = Release;
		};
		221B9832221E1D9B000F3C36 /* Debug */ = {
			isa = XCBuildConfiguration;
			buildSettings = {
				ALWAYS_EMBED_SWIFT_STANDARD_LIBRARIES = YES;
				BUNDLE_LOADER = "$(TEST_HOST)";
				CODE_SIGN_STYLE = Automatic;
				DEVELOPMENT_TEAM = N745X7KD5G;
				INFOPLIST_FILE = MelbBikesTests/Info.plist;
				LD_RUNPATH_SEARCH_PATHS = (
					"$(inherited)",
					"@executable_path/Frameworks",
					"@loader_path/Frameworks",
				);
				PRODUCT_BUNDLE_IDENTIFIER = SamWright.MelbBikesTests;
				PRODUCT_NAME = "$(TARGET_NAME)";
				SWIFT_VERSION = 4.2;
				TARGETED_DEVICE_FAMILY = "1,2";
				TEST_HOST = "$(BUILT_PRODUCTS_DIR)/MelbBikes.app/MelbBikes";
			};
			name = Debug;
		};
		221B9833221E1D9B000F3C36 /* Release */ = {
			isa = XCBuildConfiguration;
			buildSettings = {
				ALWAYS_EMBED_SWIFT_STANDARD_LIBRARIES = YES;
				BUNDLE_LOADER = "$(TEST_HOST)";
				CODE_SIGN_STYLE = Automatic;
				DEVELOPMENT_TEAM = N745X7KD5G;
				INFOPLIST_FILE = MelbBikesTests/Info.plist;
				LD_RUNPATH_SEARCH_PATHS = (
					"$(inherited)",
					"@executable_path/Frameworks",
					"@loader_path/Frameworks",
				);
				PRODUCT_BUNDLE_IDENTIFIER = SamWright.MelbBikesTests;
				PRODUCT_NAME = "$(TARGET_NAME)";
				SWIFT_VERSION = 4.2;
				TARGETED_DEVICE_FAMILY = "1,2";
				TEST_HOST = "$(BUILT_PRODUCTS_DIR)/MelbBikes.app/MelbBikes";
			};
			name = Release;
		};
		221B9835221E1D9B000F3C36 /* Debug */ = {
			isa = XCBuildConfiguration;
			buildSettings = {
				ALWAYS_EMBED_SWIFT_STANDARD_LIBRARIES = YES;
				CODE_SIGN_STYLE = Automatic;
				DEVELOPMENT_TEAM = N745X7KD5G;
				INFOPLIST_FILE = MelbBikesUITests/Info.plist;
				LD_RUNPATH_SEARCH_PATHS = (
					"$(inherited)",
					"@executable_path/Frameworks",
					"@loader_path/Frameworks",
				);
				PRODUCT_BUNDLE_IDENTIFIER = SamWright.MelbBikesUITests;
				PRODUCT_NAME = "$(TARGET_NAME)";
				SWIFT_VERSION = 4.2;
				TARGETED_DEVICE_FAMILY = "1,2";
				TEST_TARGET_NAME = MelbBikes;
			};
			name = Debug;
		};
		221B9836221E1D9B000F3C36 /* Release */ = {
			isa = XCBuildConfiguration;
			buildSettings = {
				ALWAYS_EMBED_SWIFT_STANDARD_LIBRARIES = YES;
				CODE_SIGN_STYLE = Automatic;
				DEVELOPMENT_TEAM = N745X7KD5G;
				INFOPLIST_FILE = MelbBikesUITests/Info.plist;
				LD_RUNPATH_SEARCH_PATHS = (
					"$(inherited)",
					"@executable_path/Frameworks",
					"@loader_path/Frameworks",
				);
				PRODUCT_BUNDLE_IDENTIFIER = SamWright.MelbBikesUITests;
				PRODUCT_NAME = "$(TARGET_NAME)";
				SWIFT_VERSION = 4.2;
				TARGETED_DEVICE_FAMILY = "1,2";
				TEST_TARGET_NAME = MelbBikes;
			};
			name = Release;
		};
/* End XCBuildConfiguration section */

/* Begin XCConfigurationList section */
		221B97FE221E1D99000F3C36 /* Build configuration list for PBXProject "MelbBikes" */ = {
			isa = XCConfigurationList;
			buildConfigurations = (
				221B982C221E1D9B000F3C36 /* Debug */,
				221B982D221E1D9B000F3C36 /* Release */,
			);
			defaultConfigurationIsVisible = 0;
			defaultConfigurationName = Release;
		};
		221B982E221E1D9B000F3C36 /* Build configuration list for PBXNativeTarget "MelbBikes" */ = {
			isa = XCConfigurationList;
			buildConfigurations = (
				221B982F221E1D9B000F3C36 /* Debug */,
				221B9830221E1D9B000F3C36 /* Release */,
			);
			defaultConfigurationIsVisible = 0;
			defaultConfigurationName = Release;
		};
		221B9831221E1D9B000F3C36 /* Build configuration list for PBXNativeTarget "MelbBikesTests" */ = {
			isa = XCConfigurationList;
			buildConfigurations = (
				221B9832221E1D9B000F3C36 /* Debug */,
				221B9833221E1D9B000F3C36 /* Release */,
			);
			defaultConfigurationIsVisible = 0;
			defaultConfigurationName = Release;
		};
		221B9834221E1D9B000F3C36 /* Build configuration list for PBXNativeTarget "MelbBikesUITests" */ = {
			isa = XCConfigurationList;
			buildConfigurations = (
				221B9835221E1D9B000F3C36 /* Debug */,
				221B9836221E1D9B000F3C36 /* Release */,
			);
			defaultConfigurationIsVisible = 0;
			defaultConfigurationName = Release;
		};
/* End XCConfigurationList section */

/* Begin XCVersionGroup section */
		221B9848221E48A4000F3C36 /* BikeShareLocations.xcdatamodeld */ = {
			isa = XCVersionGroup;
			children = (
				221B9849221E48A4000F3C36 /* BikeShareLocations.xcdatamodel */,
			);
			currentVersion = 221B9849221E48A4000F3C36 /* BikeShareLocations.xcdatamodel */;
			path = BikeShareLocations.xcdatamodeld;
			sourceTree = "<group>";
			versionGroupType = wrapper.xcdatamodel;
		};
/* End XCVersionGroup section */
	};
	rootObject = 221B97FB221E1D99000F3C36 /* Project object */;
}
